// !$*UTF8*$!
{
	archiveVersion = 1;
	classes = {
	};
	objectVersion = 50;
	objects = {

/* Begin PBXBuildFile section */
		032BCFE024ED8D1400543B66 /* LocationMan.swift in Sources */ = {isa = PBXBuildFile; fileRef = 032BCFDF24ED8D1400543B66 /* LocationMan.swift */; };
		032BCFE324ED923A00543B66 /* Views.swift in Sources */ = {isa = PBXBuildFile; fileRef = 032BCFE224ED923A00543B66 /* Views.swift */; };
		0341A24D24E58A9F001C8005 /* LaunchScreen.storyboard in Resources */ = {isa = PBXBuildFile; fileRef = 0341A24C24E58A9F001C8005 /* LaunchScreen.storyboard */; };
		03527B2224E6B05B00E9C6DB /* MeshAPI.swift in Sources */ = {isa = PBXBuildFile; fileRef = 03527B2124E6B05B00E9C6DB /* MeshAPI.swift */; };
		03527B2424E6B06900E9C6DB /* WebSocketMan.swift in Sources */ = {isa = PBXBuildFile; fileRef = 03527B2324E6B06900E9C6DB /* WebSocketMan.swift */; };
		0367608924E719B900556EFA /* Extensions.swift in Sources */ = {isa = PBXBuildFile; fileRef = 0367608824E719B900556EFA /* Extensions.swift */; };
		036E936424E3E00D001DA125 /* AppDelegate.swift in Sources */ = {isa = PBXBuildFile; fileRef = 036E936324E3E00D001DA125 /* AppDelegate.swift */; };
		036E936824E3E00D001DA125 /* ViewController.swift in Sources */ = {isa = PBXBuildFile; fileRef = 036E936724E3E00D001DA125 /* ViewController.swift */; };
		036E936D24E3E013001DA125 /* Assets.xcassets in Resources */ = {isa = PBXBuildFile; fileRef = 036E936C24E3E013001DA125 /* Assets.xcassets */; };
		036E937824E3EA9C001DA125 /* Main.storyboard in Resources */ = {isa = PBXBuildFile; fileRef = 036E937724E3EA9C001DA125 /* Main.storyboard */; };
		037A8FCC2507DAF3001D8A73 /* MeshControllerJS.swift in Sources */ = {isa = PBXBuildFile; fileRef = 037A8FCB2507DAF3001D8A73 /* MeshControllerJS.swift */; };
		037A8FCE25080056001D8A73 /* MeshAPIProtocol.swift in Sources */ = {isa = PBXBuildFile; fileRef = 037A8FCD25080056001D8A73 /* MeshAPIProtocol.swift */; };
		0383B09C24ED5F830098E91F /* Reachability.m in Sources */ = {isa = PBXBuildFile; fileRef = 0383B09B24ED5F830098E91F /* Reachability.m */; };
		0383B09F24ED60570098E91F /* SystemConfiguration.framework in Frameworks */ = {isa = PBXBuildFile; fileRef = 0383B09E24ED60570098E91F /* SystemConfiguration.framework */; };
		038F195324F1605700DF48DD /* SimplePeer1.swift in Sources */ = {isa = PBXBuildFile; fileRef = 038F195224F1605700DF48DD /* SimplePeer1.swift */; };
		03AE438024E44127000D82B7 /* BluetoothMan.swift in Sources */ = {isa = PBXBuildFile; fileRef = 03AE437F24E44127000D82B7 /* BluetoothMan.swift */; };
		03BE7B6B24F9C3D900CBE53C /* SimplePeerJS.swift in Sources */ = {isa = PBXBuildFile; fileRef = 03BE7B6A24F9C3D900CBE53C /* SimplePeerJS.swift */; };
		03BE7B6D24F9C3FD00CBE53C /* peer.js in Resources */ = {isa = PBXBuildFile; fileRef = 03BE7B6C24F9C3FD00CBE53C /* peer.js */; };
		03D7236924E6D05F003B3211 /* MeshController.swift in Sources */ = {isa = PBXBuildFile; fileRef = 03D7236824E6D05F003B3211 /* MeshController.swift */; };
/* End PBXBuildFile section */

/* Begin PBXFileReference section */
		032BCFDF24ED8D1400543B66 /* LocationMan.swift */ = {isa = PBXFileReference; lastKnownFileType = sourcecode.swift; path = LocationMan.swift; sourceTree = "<group>"; };
		032BCFE224ED923A00543B66 /* Views.swift */ = {isa = PBXFileReference; lastKnownFileType = sourcecode.swift; path = Views.swift; sourceTree = "<group>"; };
		0341A24C24E58A9F001C8005 /* LaunchScreen.storyboard */ = {isa = PBXFileReference; lastKnownFileType = file.storyboard; path = LaunchScreen.storyboard; sourceTree = "<group>"; };
		03527B1F24E6AE5A00E9C6DB /* README.md */ = {isa = PBXFileReference; lastKnownFileType = net.daringfireball.markdown; path = README.md; sourceTree = SOURCE_ROOT; };
		03527B2124E6B05B00E9C6DB /* MeshAPI.swift */ = {isa = PBXFileReference; lastKnownFileType = sourcecode.swift; path = MeshAPI.swift; sourceTree = "<group>"; };
		03527B2324E6B06900E9C6DB /* WebSocketMan.swift */ = {isa = PBXFileReference; lastKnownFileType = sourcecode.swift; path = WebSocketMan.swift; sourceTree = "<group>"; };
		0367608824E719B900556EFA /* Extensions.swift */ = {isa = PBXFileReference; lastKnownFileType = sourcecode.swift; path = Extensions.swift; sourceTree = "<group>"; };
		0368033624F000E700C945C9 /* Minsk.gpx */ = {isa = PBXFileReference; lastKnownFileType = text.xml; path = Minsk.gpx; sourceTree = "<group>"; };
		036E936024E3E00D001DA125 /* burevestnik.app */ = {isa = PBXFileReference; explicitFileType = wrapper.application; includeInIndex = 0; path = burevestnik.app; sourceTree = BUILT_PRODUCTS_DIR; };
		036E936324E3E00D001DA125 /* AppDelegate.swift */ = {isa = PBXFileReference; lastKnownFileType = sourcecode.swift; path = AppDelegate.swift; sourceTree = "<group>"; };
		036E936724E3E00D001DA125 /* ViewController.swift */ = {isa = PBXFileReference; lastKnownFileType = sourcecode.swift; path = ViewController.swift; sourceTree = "<group>"; };
		036E936C24E3E013001DA125 /* Assets.xcassets */ = {isa = PBXFileReference; lastKnownFileType = folder.assetcatalog; path = Assets.xcassets; sourceTree = "<group>"; };
		036E937124E3E013001DA125 /* Info.plist */ = {isa = PBXFileReference; lastKnownFileType = text.plist.xml; path = Info.plist; sourceTree = "<group>"; };
		036E937724E3EA9C001DA125 /* Main.storyboard */ = {isa = PBXFileReference; lastKnownFileType = file.storyboard; path = Main.storyboard; sourceTree = "<group>"; };
		037A8FCB2507DAF3001D8A73 /* MeshControllerJS.swift */ = {isa = PBXFileReference; lastKnownFileType = sourcecode.swift; path = MeshControllerJS.swift; sourceTree = "<group>"; };
		037A8FCD25080056001D8A73 /* MeshAPIProtocol.swift */ = {isa = PBXFileReference; lastKnownFileType = sourcecode.swift; path = MeshAPIProtocol.swift; sourceTree = "<group>"; };
		0383B09924ED5F820098E91F /* burevestnik-Bridging-Header.h */ = {isa = PBXFileReference; lastKnownFileType = sourcecode.c.h; path = "burevestnik-Bridging-Header.h"; sourceTree = "<group>"; };
		0383B09A24ED5F830098E91F /* Reachability.h */ = {isa = PBXFileReference; fileEncoding = 4; lastKnownFileType = sourcecode.c.h; path = Reachability.h; sourceTree = "<group>"; };
		0383B09B24ED5F830098E91F /* Reachability.m */ = {isa = PBXFileReference; fileEncoding = 4; lastKnownFileType = sourcecode.c.objc; path = Reachability.m; sourceTree = "<group>"; };
		0383B09E24ED60570098E91F /* SystemConfiguration.framework */ = {isa = PBXFileReference; lastKnownFileType = wrapper.framework; name = SystemConfiguration.framework; path = System/Library/Frameworks/SystemConfiguration.framework; sourceTree = SDKROOT; };
		038F195224F1605700DF48DD /* SimplePeer1.swift */ = {isa = PBXFileReference; lastKnownFileType = sourcecode.swift; path = SimplePeer1.swift; sourceTree = "<group>"; };
		03AE437F24E44127000D82B7 /* BluetoothMan.swift */ = {isa = PBXFileReference; lastKnownFileType = sourcecode.swift; path = BluetoothMan.swift; sourceTree = "<group>"; };
		03BE7B6A24F9C3D900CBE53C /* SimplePeerJS.swift */ = {isa = PBXFileReference; lastKnownFileType = sourcecode.swift; path = SimplePeerJS.swift; sourceTree = "<group>"; };
		03BE7B6C24F9C3FD00CBE53C /* peer.js */ = {isa = PBXFileReference; fileEncoding = 4; lastKnownFileType = sourcecode.javascript; path = peer.js; sourceTree = "<group>"; };
		03C8656A24E44D4000FAC1B5 /* burevestnik.entitlements */ = {isa = PBXFileReference; lastKnownFileType = text.plist.entitlements; path = burevestnik.entitlements; sourceTree = "<group>"; };
		03C8656C24E44D4000FAC1B5 /* NetworkExtension.framework */ = {isa = PBXFileReference; lastKnownFileType = wrapper.framework; name = NetworkExtension.framework; path = System/Library/Frameworks/NetworkExtension.framework; sourceTree = SDKROOT; };
		03D7236824E6D05F003B3211 /* MeshController.swift */ = {isa = PBXFileReference; lastKnownFileType = sourcecode.swift; path = MeshController.swift; sourceTree = "<group>"; };
/* End PBXFileReference section */

/* Begin PBXFrameworksBuildPhase section */
		036E935D24E3E00D001DA125 /* Frameworks */ = {
			isa = PBXFrameworksBuildPhase;
			buildActionMask = 2147483647;
			files = (
				0383B09F24ED60570098E91F /* SystemConfiguration.framework in Frameworks */,
			);
			runOnlyForDeploymentPostprocessing = 0;
		};
/* End PBXFrameworksBuildPhase section */

/* Begin PBXGroup section */
		032BCFE124ED8FC800543B66 /* Helpers */ = {
			isa = PBXGroup;
			children = (
				0383B09D24ED5F8A0098E91F /* Vendor */,
				0383B09924ED5F820098E91F /* burevestnik-Bridging-Header.h */,
				032BCFDF24ED8D1400543B66 /* LocationMan.swift */,
			);
			path = Helpers;
			sourceTree = "<group>";
		};
		0367608A24E72B9F00556EFA /* Sources */ = {
			isa = PBXGroup;
			children = (
				036E936324E3E00D001DA125 /* AppDelegate.swift */,
				0367608824E719B900556EFA /* Extensions.swift */,
				03D4D77F24E6F56D0083432E /* UI */,
				03D4D77E24E6F55D0083432E /* Mesh */,
				03D4D77D24E6F5530083432E /* API */,
				03D4D77C24E6F54A0083432E /* LocalNetwork */,
				032BCFE124ED8FC800543B66 /* Helpers */,
			);
			path = Sources;
			sourceTree = "<group>";
		};
		036E935724E3E00D001DA125 = {
			isa = PBXGroup;
			children = (
				03527B1F24E6AE5A00E9C6DB /* README.md */,
				03BE7B6C24F9C3FD00CBE53C /* peer.js */,
				0367608A24E72B9F00556EFA /* Sources */,
				036E936224E3E00D001DA125 /* burevestnik */,
				036E936124E3E00D001DA125 /* Products */,
				03C8656B24E44D4000FAC1B5 /* Frameworks */,
			);
			sourceTree = "<group>";
		};
		036E936124E3E00D001DA125 /* Products */ = {
			isa = PBXGroup;
			children = (
				036E936024E3E00D001DA125 /* burevestnik.app */,
			);
			name = Products;
			sourceTree = "<group>";
		};
		036E936224E3E00D001DA125 /* burevestnik */ = {
			isa = PBXGroup;
			children = (
				036E936C24E3E013001DA125 /* Assets.xcassets */,
				03C8656A24E44D4000FAC1B5 /* burevestnik.entitlements */,
				036E937124E3E013001DA125 /* Info.plist */,
				0341A24C24E58A9F001C8005 /* LaunchScreen.storyboard */,
				036E937724E3EA9C001DA125 /* Main.storyboard */,
				0368033624F000E700C945C9 /* Minsk.gpx */,
			);
			path = burevestnik;
			sourceTree = "<group>";
		};
		0383B09D24ED5F8A0098E91F /* Vendor */ = {
			isa = PBXGroup;
			children = (
				0383B09A24ED5F830098E91F /* Reachability.h */,
				0383B09B24ED5F830098E91F /* Reachability.m */,
			);
			path = Vendor;
			sourceTree = "<group>";
		};
		03C8656B24E44D4000FAC1B5 /* Frameworks */ = {
			isa = PBXGroup;
			children = (
				0383B09E24ED60570098E91F /* SystemConfiguration.framework */,
				03C8656C24E44D4000FAC1B5 /* NetworkExtension.framework */,
			);
			name = Frameworks;
			sourceTree = "<group>";
		};
		03D4D77C24E6F54A0083432E /* LocalNetwork */ = {
			isa = PBXGroup;
			children = (
				03AE437F24E44127000D82B7 /* BluetoothMan.swift */,
				03527B2324E6B06900E9C6DB /* WebSocketMan.swift */,
			);
			path = LocalNetwork;
			sourceTree = "<group>";
		};
		03D4D77D24E6F5530083432E /* API */ = {
			isa = PBXGroup;
			children = (
				037A8FCD25080056001D8A73 /* MeshAPIProtocol.swift */,
				03527B2124E6B05B00E9C6DB /* MeshAPI.swift */,
			);
			path = API;
			sourceTree = "<group>";
		};
		03D4D77E24E6F55D0083432E /* Mesh */ = {
			isa = PBXGroup;
			children = (
				03D7236824E6D05F003B3211 /* MeshController.swift */,
				037A8FCB2507DAF3001D8A73 /* MeshControllerJS.swift */,
				038F195224F1605700DF48DD /* SimplePeer1.swift */,
				03BE7B6A24F9C3D900CBE53C /* SimplePeerJS.swift */,
			);
			path = Mesh;
			sourceTree = "<group>";
		};
		03D4D77F24E6F56D0083432E /* UI */ = {
			isa = PBXGroup;
			children = (
				036E936724E3E00D001DA125 /* ViewController.swift */,
				032BCFE224ED923A00543B66 /* Views.swift */,
			);
			path = UI;
			sourceTree = "<group>";
		};
/* End PBXGroup section */

/* Begin PBXNativeTarget section */
		036E935F24E3E00D001DA125 /* burevestnik */ = {
			isa = PBXNativeTarget;
			buildConfigurationList = 036E937424E3E013001DA125 /* Build configuration list for PBXNativeTarget "burevestnik" */;
			buildPhases = (
				036E935C24E3E00D001DA125 /* Sources */,
				036E935D24E3E00D001DA125 /* Frameworks */,
				036E935E24E3E00D001DA125 /* Resources */,
			);
			buildRules = (
			);
			dependencies = (
			);
			name = burevestnik;
			productName = burevestnik;
			productReference = 036E936024E3E00D001DA125 /* burevestnik.app */;
			productType = "com.apple.product-type.application";
		};
/* End PBXNativeTarget section */

/* Begin PBXProject section */
		036E935824E3E00D001DA125 /* Project object */ = {
			isa = PBXProject;
			attributes = {
				LastSwiftUpdateCheck = 1160;
				LastUpgradeCheck = 1200;
				ORGANIZATIONNAME = "";
				TargetAttributes = {
					036E935F24E3E00D001DA125 = {
						CreatedOnToolsVersion = 11.6;
						LastSwiftMigration = 1160;
					};
				};
			};
			buildConfigurationList = 036E935B24E3E00D001DA125 /* Build configuration list for PBXProject "burevestnik" */;
			compatibilityVersion = "Xcode 9.3";
			developmentRegion = en;
			hasScannedForEncodings = 0;
			knownRegions = (
				en,
				Base,
			);
			mainGroup = 036E935724E3E00D001DA125;
			productRefGroup = 036E936124E3E00D001DA125 /* Products */;
			projectDirPath = "";
			projectRoot = "";
			targets = (
				036E935F24E3E00D001DA125 /* burevestnik */,
			);
		};
/* End PBXProject section */

/* Begin PBXResourcesBuildPhase section */
		036E935E24E3E00D001DA125 /* Resources */ = {
			isa = PBXResourcesBuildPhase;
			buildActionMask = 2147483647;
			files = (
				03BE7B6D24F9C3FD00CBE53C /* peer.js in Resources */,
				0341A24D24E58A9F001C8005 /* LaunchScreen.storyboard in Resources */,
				036E936D24E3E013001DA125 /* Assets.xcassets in Resources */,
				036E937824E3EA9C001DA125 /* Main.storyboard in Resources */,
			);
			runOnlyForDeploymentPostprocessing = 0;
		};
/* End PBXResourcesBuildPhase section */

/* Begin PBXSourcesBuildPhase section */
		036E935C24E3E00D001DA125 /* Sources */ = {
			isa = PBXSourcesBuildPhase;
			buildActionMask = 2147483647;
			files = (
				037A8FCC2507DAF3001D8A73 /* MeshControllerJS.swift in Sources */,
				03D7236924E6D05F003B3211 /* MeshController.swift in Sources */,
				03AE438024E44127000D82B7 /* BluetoothMan.swift in Sources */,
				036E936824E3E00D001DA125 /* ViewController.swift in Sources */,
				032BCFE024ED8D1400543B66 /* LocationMan.swift in Sources */,
				0367608924E719B900556EFA /* Extensions.swift in Sources */,
				036E936424E3E00D001DA125 /* AppDelegate.swift in Sources */,
				038F195324F1605700DF48DD /* SimplePeer1.swift in Sources */,
				03527B2224E6B05B00E9C6DB /* MeshAPI.swift in Sources */,
				032BCFE324ED923A00543B66 /* Views.swift in Sources */,
				0383B09C24ED5F830098E91F /* Reachability.m in Sources */,
				037A8FCE25080056001D8A73 /* MeshAPIProtocol.swift in Sources */,
				03527B2424E6B06900E9C6DB /* WebSocketMan.swift in Sources */,
				03BE7B6B24F9C3D900CBE53C /* SimplePeerJS.swift in Sources */,
			);
			runOnlyForDeploymentPostprocessing = 0;
		};
/* End PBXSourcesBuildPhase section */

/* Begin XCBuildConfiguration section */
		036E937224E3E013001DA125 /* Debug */ = {
			isa = XCBuildConfiguration;
			buildSettings = {
				ALWAYS_SEARCH_USER_PATHS = NO;
				CLANG_ANALYZER_NONNULL = YES;
				CLANG_ANALYZER_NUMBER_OBJECT_CONVERSION = YES_AGGRESSIVE;
				CLANG_CXX_LANGUAGE_STANDARD = "gnu++14";
				CLANG_CXX_LIBRARY = "libc++";
				CLANG_ENABLE_MODULES = YES;
				CLANG_ENABLE_OBJC_ARC = YES;
				CLANG_ENABLE_OBJC_WEAK = YES;
				CLANG_WARN_BLOCK_CAPTURE_AUTORELEASING = YES;
				CLANG_WARN_BOOL_CONVERSION = YES;
				CLANG_WARN_COMMA = YES;
				CLANG_WARN_CONSTANT_CONVERSION = YES;
				CLANG_WARN_DEPRECATED_OBJC_IMPLEMENTATIONS = YES;
				CLANG_WARN_DIRECT_OBJC_ISA_USAGE = YES_ERROR;
				CLANG_WARN_DOCUMENTATION_COMMENTS = YES;
				CLANG_WARN_EMPTY_BODY = YES;
				CLANG_WARN_ENUM_CONVERSION = YES;
				CLANG_WARN_INFINITE_RECURSION = YES;
				CLANG_WARN_INT_CONVERSION = YES;
				CLANG_WARN_NON_LITERAL_NULL_CONVERSION = YES;
				CLANG_WARN_OBJC_IMPLICIT_RETAIN_SELF = YES;
				CLANG_WARN_OBJC_LITERAL_CONVERSION = YES;
				CLANG_WARN_OBJC_ROOT_CLASS = YES_ERROR;
				CLANG_WARN_QUOTED_INCLUDE_IN_FRAMEWORK_HEADER = YES;
				CLANG_WARN_RANGE_LOOP_ANALYSIS = YES;
				CLANG_WARN_STRICT_PROTOTYPES = YES;
				CLANG_WARN_SUSPICIOUS_MOVE = YES;
				CLANG_WARN_UNGUARDED_AVAILABILITY = YES_AGGRESSIVE;
				CLANG_WARN_UNREACHABLE_CODE = YES;
				CLANG_WARN__DUPLICATE_METHOD_MATCH = YES;
				COPY_PHASE_STRIP = NO;
				DEBUG_INFORMATION_FORMAT = dwarf;
				ENABLE_STRICT_OBJC_MSGSEND = YES;
				ENABLE_TESTABILITY = YES;
				GCC_C_LANGUAGE_STANDARD = gnu11;
				GCC_DYNAMIC_NO_PIC = NO;
				GCC_NO_COMMON_BLOCKS = YES;
				GCC_OPTIMIZATION_LEVEL = 0;
				GCC_PREPROCESSOR_DEFINITIONS = (
					"DEBUG=1",
					"$(inherited)",
				);
				GCC_WARN_64_TO_32_BIT_CONVERSION = YES;
				GCC_WARN_ABOUT_RETURN_TYPE = YES_ERROR;
				GCC_WARN_UNDECLARED_SELECTOR = YES;
				GCC_WARN_UNINITIALIZED_AUTOS = YES_AGGRESSIVE;
				GCC_WARN_UNUSED_FUNCTION = YES;
				GCC_WARN_UNUSED_VARIABLE = YES;
				IPHONEOS_DEPLOYMENT_TARGET = 13.0;
				MTL_ENABLE_DEBUG_INFO = INCLUDE_SOURCE;
				MTL_FAST_MATH = YES;
				ONLY_ACTIVE_ARCH = YES;
				SDKROOT = iphoneos;
				SWIFT_ACTIVE_COMPILATION_CONDITIONS = DEBUG;
				SWIFT_OPTIMIZATION_LEVEL = "-Onone";
			};
			name = Debug;
		};
		036E937324E3E013001DA125 /* Release */ = {
			isa = XCBuildConfiguration;
			buildSettings = {
				ALWAYS_SEARCH_USER_PATHS = NO;
				CLANG_ANALYZER_NONNULL = YES;
				CLANG_ANALYZER_NUMBER_OBJECT_CONVERSION = YES_AGGRESSIVE;
				CLANG_CXX_LANGUAGE_STANDARD = "gnu++14";
				CLANG_CXX_LIBRARY = "libc++";
				CLANG_ENABLE_MODULES = YES;
				CLANG_ENABLE_OBJC_ARC = YES;
				CLANG_ENABLE_OBJC_WEAK = YES;
				CLANG_WARN_BLOCK_CAPTURE_AUTORELEASING = YES;
				CLANG_WARN_BOOL_CONVERSION = YES;
				CLANG_WARN_COMMA = YES;
				CLANG_WARN_CONSTANT_CONVERSION = YES;
				CLANG_WARN_DEPRECATED_OBJC_IMPLEMENTATIONS = YES;
				CLANG_WARN_DIRECT_OBJC_ISA_USAGE = YES_ERROR;
				CLANG_WARN_DOCUMENTATION_COMMENTS = YES;
				CLANG_WARN_EMPTY_BODY = YES;
				CLANG_WARN_ENUM_CONVERSION = YES;
				CLANG_WARN_INFINITE_RECURSION = YES;
				CLANG_WARN_INT_CONVERSION = YES;
				CLANG_WARN_NON_LITERAL_NULL_CONVERSION = YES;
				CLANG_WARN_OBJC_IMPLICIT_RETAIN_SELF = YES;
				CLANG_WARN_OBJC_LITERAL_CONVERSION = YES;
				CLANG_WARN_OBJC_ROOT_CLASS = YES_ERROR;
				CLANG_WARN_QUOTED_INCLUDE_IN_FRAMEWORK_HEADER = YES;
				CLANG_WARN_RANGE_LOOP_ANALYSIS = YES;
				CLANG_WARN_STRICT_PROTOTYPES = YES;
				CLANG_WARN_SUSPICIOUS_MOVE = YES;
				CLANG_WARN_UNGUARDED_AVAILABILITY = YES_AGGRESSIVE;
				CLANG_WARN_UNREACHABLE_CODE = YES;
				CLANG_WARN__DUPLICATE_METHOD_MATCH = YES;
				COPY_PHASE_STRIP = NO;
				DEBUG_INFORMATION_FORMAT = "dwarf-with-dsym";
				ENABLE_NS_ASSERTIONS = NO;
				ENABLE_STRICT_OBJC_MSGSEND = YES;
				GCC_C_LANGUAGE_STANDARD = gnu11;
				GCC_NO_COMMON_BLOCKS = YES;
				GCC_WARN_64_TO_32_BIT_CONVERSION = YES;
				GCC_WARN_ABOUT_RETURN_TYPE = YES_ERROR;
				GCC_WARN_UNDECLARED_SELECTOR = YES;
				GCC_WARN_UNINITIALIZED_AUTOS = YES_AGGRESSIVE;
				GCC_WARN_UNUSED_FUNCTION = YES;
				GCC_WARN_UNUSED_VARIABLE = YES;
				IPHONEOS_DEPLOYMENT_TARGET = 13.0;
				MTL_ENABLE_DEBUG_INFO = NO;
				MTL_FAST_MATH = YES;
				SDKROOT = iphoneos;
				SWIFT_COMPILATION_MODE = wholemodule;
				SWIFT_OPTIMIZATION_LEVEL = "-O";
				VALIDATE_PRODUCT = YES;
			};
			name = Release;
		};
		036E937524E3E013001DA125 /* Debug */ = {
			isa = XCBuildConfiguration;
			buildSettings = {
				ASSETCATALOG_COMPILER_APPICON_NAME = AppIcon;
				CLANG_ENABLE_MODULES = YES;
				CODE_SIGN_ENTITLEMENTS = burevestnik/burevestnik.entitlements;
				CODE_SIGN_STYLE = Automatic;
				CURRENT_PROJECT_VERSION = 7;
				DEVELOPMENT_TEAM = Y5P7AX9UM2;
				INFOPLIST_FILE = burevestnik/Info.plist;
				IPHONEOS_DEPLOYMENT_TARGET = 13.0;
				LD_RUNPATH_SEARCH_PATHS = (
					"$(inherited)",
					"@executable_path/Frameworks",
				);
				PRODUCT_BUNDLE_IDENTIFIER = com.burevestnik.iosapp;
				PRODUCT_NAME = "$(TARGET_NAME)";
				SWIFT_OBJC_BRIDGING_HEADER = "Sources/Helpers/burevestnik-Bridging-Header.h";
				SWIFT_OPTIMIZATION_LEVEL = "-Onone";
				SWIFT_VERSION = 5.0;
				TARGETED_DEVICE_FAMILY = "1,2";
			};
			name = Debug;
		};
		036E937624E3E013001DA125 /* Release */ = {
			isa = XCBuildConfiguration;
			buildSettings = {
				ASSETCATALOG_COMPILER_APPICON_NAME = AppIcon;
				CLANG_ENABLE_MODULES = YES;
				CODE_SIGN_ENTITLEMENTS = burevestnik/burevestnik.entitlements;
				CODE_SIGN_STYLE = Automatic;
				CURRENT_PROJECT_VERSION = 7;
				DEVELOPMENT_TEAM = Y5P7AX9UM2;
				INFOPLIST_FILE = burevestnik/Info.plist;
				IPHONEOS_DEPLOYMENT_TARGET = 13.0;
				LD_RUNPATH_SEARCH_PATHS = (
					"$(inherited)",
					"@executable_path/Frameworks",
				);
				PRODUCT_BUNDLE_IDENTIFIER = com.burevestnik.iosapp;
				PRODUCT_NAME = "$(TARGET_NAME)";
				SWIFT_OBJC_BRIDGING_HEADER = "Sources/Helpers/burevestnik-Bridging-Header.h";
				SWIFT_VERSION = 5.0;
				TARGETED_DEVICE_FAMILY = "1,2";
			};
			name = Release;
		};
/* End XCBuildConfiguration section */

/* Begin XCConfigurationList section */
		036E935B24E3E00D001DA125 /* Build configuration list for PBXProject "burevestnik" */ = {
			isa = XCConfigurationList;
			buildConfigurations = (
				036E937224E3E013001DA125 /* Debug */,
				036E937324E3E013001DA125 /* Release */,
			);
			defaultConfigurationIsVisible = 0;
			defaultConfigurationName = Release;
		};
		036E937424E3E013001DA125 /* Build configuration list for PBXNativeTarget "burevestnik" */ = {
			isa = XCConfigurationList;
			buildConfigurations = (
				036E937524E3E013001DA125 /* Debug */,
				036E937624E3E013001DA125 /* Release */,
			);
			defaultConfigurationIsVisible = 0;
			defaultConfigurationName = Release;
		};
/* End XCConfigurationList section */
	};
	rootObject = 036E935824E3E00D001DA125 /* Project object */;
}
